{
  "requires": true,
  "lockfileVersion": 1,
  "dependencies": {
    "vue2-leaflet": {
      "version": "2.2.1",
      "resolved": "https://registry.npmjs.org/vue2-leaflet/-/vue2-leaflet-2.2.1.tgz",
      "integrity": "sha512-yBB3Ilv9LTszNn/uxUATq8+Ahw/1FqIasdQehb9m1tJ5T9qeEk8Fr9a6uLzvR+zuz88rnEQVo7/iGUd96E7iLg=="
    }
  }
}
